{
    "hash": "4990e2c439a90e0010f4321cff1dec9b",
    "packages": [
        {
            "package": "symfony\/finder",
            "version": "2.1.0-dev"
        },
        {
            "package": "EHER\/PHPUnit",
            "version": "1.2"
        },
        {
            "package": "pimple\/pimple",
            "version": "1.0.0-dev"
        },
        {
            "package": "monolog\/monolog",
            "version": "1.0.0"
        },
        {
            "package": "symfony\/class-loader",
            "version": "2.1.0-dev"
        }
    ]
}